
Microsoft Visual Studio Solution File, Format Version 12.00
# Visual Studio Version 16
VisualStudioVersion = 16.0.31205.134
MinimumVisualStudioVersion = 10.0.40219.1
Project("{FAE04EC0-301F-11D3-BF4B-00C04F79EFBC}") = "HotelBot", "HotelBot.csproj", "{CADAAFA4-E7E8-4F5B-AAEB-E0A9A8C81D94}"
EndProject
Global
	GlobalSection(SolutionConfigurationPlatforms) = preSolution
		Debug|Any CPU = Debug|Any CPU
		Release|Any CPU = Release|Any CPU
	EndGlobalSection
	GlobalSection(ProjectConfigurationPlatforms) = postSolution
		{CADAAFA4-E7E8-4F5B-AAEB-E0A9A8C81D94}.Debug|Any CPU.ActiveCfg = Debug|Any CPU
		{CADAAFA4-E7E8-4F5B-AAEB-E0A9A8C81D94}.Debug|Any CPU.Build.0 = Debug|Any CPU
		{CADAAFA4-E7E8-4F5B-AAEB-E0A9A8C81D94}.Release|Any CPU.ActiveCfg = Release|Any CPU
		{CADAAFA4-E7E8-4F5B-AAEB-E0A9A8C81D94}.Release|Any CPU.Build.0 = Release|Any CPU
	EndGlobalSection
	GlobalSection(SolutionProperties) = preSolution
		HideSolutionNode = FALSE
	EndGlobalSection
	GlobalSection(ExtensibilityGlobals) = postSolution
		SolutionGuid = {87F74679-7019-4DC2-B16C-CBC47AEA90B2}
	EndGlobalSection
EndGlobal
